
Microsoft Visual Studio Solution File, Format Version 12.00
Project("{FAE04EC0-301F-11D3-BF4B-00C04F79EFBC}") = "Clinique", "Clinique\Clinique.csproj", "{5F7B2C72-230B-441B-991F-F863DF108BAA}"
EndProject
Global
	GlobalSection(SolutionConfigurationPlatforms) = preSolution
		Debug|Any CPU = Debug|Any CPU
		Release|Any CPU = Release|Any CPU
	EndGlobalSection
	GlobalSection(ProjectConfigurationPlatforms) = postSolution
		{5F7B2C72-230B-441B-991F-F863DF108BAA}.Debug|Any CPU.ActiveCfg = Debug|Any CPU
		{5F7B2C72-230B-441B-991F-F863DF108BAA}.Debug|Any CPU.Build.0 = Debug|Any CPU
		{5F7B2C72-230B-441B-991F-F863DF108BAA}.Release|Any CPU.ActiveCfg = Release|Any CPU
		{5F7B2C72-230B-441B-991F-F863DF108BAA}.Release|Any CPU.Build.0 = Release|Any CPU
	EndGlobalSection
EndGlobal
